
Microsoft Visual Studio Solution File, Format Version 12.00
# Visual Studio Version 16
VisualStudioVersion = 16.0.31129.286
MinimumVisualStudioVersion = 10.0.40219.1
Project("{FAE04EC0-301F-11D3-BF4B-00C04F79EFBC}") = "ABVConverter", "ABVConverter\ABVConverter.csproj", "{4E53E416-6A64-491C-A09D-C282ACF3A047}"
EndProject
Global
	GlobalSection(SolutionConfigurationPlatforms) = preSolution
		Debug|Any CPU = Debug|Any CPU
		Release|Any CPU = Release|Any CPU
	EndGlobalSection
	GlobalSection(ProjectConfigurationPlatforms) = postSolution
		{4E53E416-6A64-491C-A09D-C282ACF3A047}.Debug|Any CPU.ActiveCfg = Debug|Any CPU
		{4E53E416-6A64-491C-A09D-C282ACF3A047}.Debug|Any CPU.Build.0 = Debug|Any CPU
		{4E53E416-6A64-491C-A09D-C282ACF3A047}.Release|Any CPU.ActiveCfg = Release|Any CPU
		{4E53E416-6A64-491C-A09D-C282ACF3A047}.Release|Any CPU.Build.0 = Release|Any CPU
	EndGlobalSection
	GlobalSection(SolutionProperties) = preSolution
		HideSolutionNode = FALSE
	EndGlobalSection
	GlobalSection(ExtensibilityGlobals) = postSolution
		SolutionGuid = {37F1FA8E-7E4A-47E3-99B5-396FF03E61FB}
	EndGlobalSection
EndGlobal
